{
  "name": "rowscript",
  "version": "1.0.0-alpha.1",
  "lockfileVersion": 3,
  "requires": true,
  "packages": {
    "": {
      "name": "rowscript",
      "version": "1.0.0-alpha.1",
      "license": "MIT",
      "optionalDependencies": {
        "@rows/cli-darwin-x64": "1.0.0-alpha.1",
        "@rows/cli-linux-x64": "1.0.0-alpha.1"
      }
    }
  }
}
