{
  "name": "rowscript",
  "version": "1.0.0-alpha.4",
  "lockfileVersion": 3,
  "requires": true,
  "packages": {
    "": {
      "name": "rowscript",
      "version": "1.0.0-alpha.4",
      "license": "MIT",
      "bin": {
        "rowscript": "cli/npm/index.js"
      },
      "optionalDependencies": {
        "@rowscript/cli-darwin-arm64": "1.0.0-alpha.4",
        "@rowscript/cli-darwin-x64": "1.0.0-alpha.4",
        "@rowscript/cli-linux-arm64": "1.0.0-alpha.4",
        "@rowscript/cli-linux-x64": "1.0.0-alpha.4",
        "@rowscript/cli-win32-arm64": "1.0.0-alpha.4",
        "@rowscript/cli-win32-x64": "1.0.0-alpha.4"
      }
    },
    "node_modules/@rowscript/cli-darwin-arm64": {
      "version": "1.0.0-alpha.4",
      "resolved": "https://registry.npmjs.org/@rowscript/cli-darwin-arm64/-/cli-darwin-arm64-1.0.0-alpha.4.tgz",
      "integrity": "sha512-tWveOWjpF1qkv5wZoO8GVgpzc13UmmdRV1aVrrRuUpcBVeOdzx9rtXGh+IOtEH/1yqE+X1+gdXz5rwNSqt/vOw==",
      "cpu": [
        "arm64"
      ],
      "optional": true,
      "os": [
        "darwin"
      ]
    },
    "node_modules/@rowscript/cli-darwin-x64": {
      "version": "1.0.0-alpha.4",
      "resolved": "https://registry.npmjs.org/@rowscript/cli-darwin-x64/-/cli-darwin-x64-1.0.0-alpha.4.tgz",
      "integrity": "sha512-w3RRVEMrDdzQRYo+HTKjfoxCiU1OmrE6jkqMYbyhahFtM50aTTciIdKgeGu336CLQ9+DH5osqNss4BBSgLqikw==",
      "cpu": [
        "x64"
      ],
      "optional": true,
      "os": [
        "darwin"
      ]
    },
    "node_modules/@rowscript/cli-linux-arm64": {
      "version": "1.0.0-alpha.4",
      "resolved": "https://registry.npmjs.org/@rowscript/cli-linux-arm64/-/cli-linux-arm64-1.0.0-alpha.4.tgz",
      "integrity": "sha512-vD5Xxg7LRFwe/xTQMxfqvC9dKWHjo5HFG6xZCeCU2eH0ZS+txmX6OYHT92X0tSbmdCZP84wBKqOU291KeOxL+A==",
      "cpu": [
        "arm64"
      ],
      "optional": true,
      "os": [
        "linux"
      ]
    },
    "node_modules/@rowscript/cli-linux-x64": {
      "version": "1.0.0-alpha.4",
      "resolved": "https://registry.npmjs.org/@rowscript/cli-linux-x64/-/cli-linux-x64-1.0.0-alpha.4.tgz",
      "integrity": "sha512-4rWTCy2UWLOiotuTnL5uPxR4BdAdcbCm2ComrDYfdlwtGCpUgdEmqA4DBTV4eXNE7aQXz5gxnWhWnSSj3qcZog==",
      "cpu": [
        "x64"
      ],
      "optional": true,
      "os": [
        "linux"
      ]
    },
    "node_modules/@rowscript/cli-win32-arm64": {
      "version": "1.0.0-alpha.4",
      "resolved": "https://registry.npmjs.org/@rowscript/cli-win32-arm64/-/cli-win32-arm64-1.0.0-alpha.4.tgz",
      "integrity": "sha512-Wu9LLPyB2BZzLq3wDzW/NssUGLB2IqcL2WDj0C6EYeShCp1q7SOOOVn7LSNwGRKu08xICAZVVM5hYCbumFMA2Q==",
      "cpu": [
        "arm64"
      ],
      "optional": true,
      "os": [
        "win32"
      ]
    },
    "node_modules/@rowscript/cli-win32-x64": {
      "version": "1.0.0-alpha.4",
      "resolved": "https://registry.npmjs.org/@rowscript/cli-win32-x64/-/cli-win32-x64-1.0.0-alpha.4.tgz",
      "integrity": "sha512-XyXWi93XeWMhZ7zv2pCV3fVbl9HO1FKqRBtQLt/h4Epp0IMUG5wMVv89XAw/iZGY+bUWZHycY+jQ5sbvRTuX4w==",
      "cpu": [
        "x64"
      ],
      "optional": true,
      "os": [
        "win32"
      ]
    }
  }
}
