{
  "name": "rowscript",
  "version": "1.0.0-alpha.4",
  "lockfileVersion": 3,
  "requires": true,
  "packages": {
    "": {
      "name": "rowscript",
      "version": "1.0.0-alpha.4",
      "license": "MIT",
      "bin": {
        "rowscript": "cli/npm/index.js"
      },
      "optionalDependencies": {
        "@rowscript/cli-darwin-x64": "1.0.0-alpha.4",
        "@rowscript/cli-linux-x64": "1.0.0-alpha.4",
        "@rowscript/cli-win32-x64": "1.0.0-alpha.4"
      }
    }
  }
}
